# generated by rye
# use `rye lock` or `rye sync` to update this lockfile
#
# last locked with the following flags:
#   pre: false
#   features: ["dev"]
#   all-features: false
#   with-sources: false
#   generate-hashes: false

-e file:.
astroid==2.4.2
    # via pylint
click==8.1.7
    # via decompyle3
    # via spark-parser
    # via xdis
decompyle3==3.9.1
docstring-to-markdown==0.15
    # via python-lsp-server
importlib-metadata==6.7.0
    # via click
    # via pluggy
isort==5.11.5
    # via pylint
jedi==0.18.2
    # via python-lsp-server
lazy-object-proxy==1.4.3
    # via astroid
mccabe==0.6.1
    # via pylint
mypy==1.4.1
    # via pylsp-mypy
mypy-extensions==1.0.0
    # via mypy
packaging==24.0
    # via pytoolconfig
parso==0.8.4
    # via jedi
platformdirs==4.0.0
    # via pytoolconfig
pluggy==1.2.0
    # via python-lsp-server
pygments==2.17.2
    # via xdis
pylint==2.6.2
pylsp-mypy==0.6.7
python-lsp-jsonrpc==1.0.0
    # via python-lsp-server
python-lsp-server==1.7.4
    # via pylsp-mypy
pytoolconfig==1.3.0
    # via rope
rope==1.9.0
    # via python-lsp-server
ruff==0.4.7
setuptools==68.0.0
    # via python-lsp-server
six==1.16.0
    # via astroid
    # via xdis
spark-parser==1.8.9
    # via decompyle3
term-background==1.0.1
    # via xdis
toml==0.10.2
    # via pylint
tomli==2.0.1
    # via mypy
    # via pylsp-mypy
    # via pytoolconfig
typed-ast==1.4.3
    # via astroid
    # via mypy
typing-extensions==4.7.1
    # via importlib-metadata
    # via mypy
    # via platformdirs
    # via pytoolconfig
ujson==5.7.0
    # via python-lsp-jsonrpc
    # via python-lsp-server
wrapt==1.16.0
    # via astroid
xdis==6.1.0
    # via decompyle3
zipp==3.15.0
    # via importlib-metadata
