version = 1
revision = 1
requires-python = "==3.7.*"
resolution-markers = [
    "python_full_version >= '3.7.2'",
    "python_full_version < '3.7.2'",
]

[[package]]
name = "astroid"
version = "2.11.7"
source = { registry = "https://pypi.org/simple" }
resolution-markers = [
    "python_full_version < '3.7.2'",
]
dependencies = [
    { name = "lazy-object-proxy", marker = "python_full_version < '3.7.2'" },
    { name = "setuptools", marker = "python_full_version < '3.7.2'" },
    { name = "typed-ast", marker = "python_full_version < '3.7.2' and implementation_name == 'cpython'" },
    { name = "typing-extensions", marker = "python_full_version < '3.7.2'" },
    { name = "wrapt", marker = "python_full_version < '3.7.2'" },
]
sdist = { url = "https://files.pythonhosted.org/packages/47/fa/cedd4cf37634b2fcc3773cedd0a9ca05fed2fa014d3d03815b04b7738ade/astroid-2.11.7.tar.gz", hash = "sha256:bb24615c77f4837c707669d16907331374ae8a964650a66999da3f5ca68dc946", size = 206015 }
wheels = [
    { url = "https://files.pythonhosted.org/packages/e4/3b/f1aa1bd41e8188b3a3605d71b699b73695fc7ac862cbed23ed9dee707251/astroid-2.11.7-py3-none-any.whl", hash = "sha256:86b0a340a512c65abf4368b80252754cda17c02cdbbd3f587dddf98112233e7b", size = 251173 },
]

[[package]]
name = "astroid"
version = "2.15.8"
source = { registry = "https://pypi.org/simple" }
resolution-markers = [
    "python_full_version >= '3.7.2'",
]
dependencies = [
    { name = "lazy-object-proxy", marker = "python_full_version >= '3.7.2'" },
    { name = "typed-ast", marker = "python_full_version >= '3.7.2' and implementation_name == 'cpython'" },
    { name = "typing-extensions", marker = "python_full_version >= '3.7.2'" },
    { name = "wrapt", marker = "python_full_version >= '3.7.2'" },
]
sdist = { url = "https://files.pythonhosted.org/packages/58/3d/c18b0854d0d2eb3aca20c149cff5c90e6b84a5366066768d98636f5045ed/astroid-2.15.8.tar.gz", hash = "sha256:6c107453dffee9055899705de3c9ead36e74119cee151e5a9aaf7f0b0e020a6a", size = 344362 }
wheels = [
    { url = "https://files.pythonhosted.org/packages/16/b6/c0b5394ec6149e0129421f1a762b805e0e583974bc3cd65e3c7ce7c95444/astroid-2.15.8-py3-none-any.whl", hash = "sha256:1aa149fc5c6589e3d0ece885b4491acd80af4f087baafa3fb5203b113e68cd3c", size = 278329 },
]

[[package]]
name = "click"
version = "8.1.8"
source = { registry = "https://pypi.org/simple" }
dependencies = [
    { name = "colorama", marker = "sys_platform == 'win32'" },
    { name = "importlib-metadata" },
]
sdist = { url = "https://files.pythonhosted.org/packages/b9/2e/0090cbf739cee7d23781ad4b89a9894a41538e4fcf4c31dcdd705b78eb8b/click-8.1.8.tar.gz", hash = "sha256:ed53c9d8990d83c2a27deae68e4ee337473f6330c040a31d4225c9574d16096a", size = 226593 }
wheels = [
    { url = "https://files.pythonhosted.org/packages/7e/d4/7ebdbd03970677812aac39c869717059dbb71a4cfc033ca6e5221787892c/click-8.1.8-py3-none-any.whl", hash = "sha256:63c132bbbed01578a06712a2d1f497bb62d9c1c0d329b7903a866228027263b2", size = 98188 },
]

[[package]]
name = "colorama"
version = "0.4.6"
source = { registry = "https://pypi.org/simple" }
sdist = { url = "https://files.pythonhosted.org/packages/d8/53/6f443c9a4a8358a93a6792e2acffb9d9d5cb0a5cfd8802644b7b1c9a02e4/colorama-0.4.6.tar.gz", hash = "sha256:08695f5cb7ed6e0531a20572697297273c47b8cae5a63ffc6d6ed5c201be6e44", size = 27697 }
wheels = [
    { url = "https://files.pythonhosted.org/packages/d1/d6/3965ed04c63042e047cb6a3e6ed1a63a35087b6a609aa3a15ed8ac56c221/colorama-0.4.6-py2.py3-none-any.whl", hash = "sha256:4f1d9991f5acc0ca119f9d443620b77f9d6b33703e51011c16baf57afb285fc6", size = 25335 },
]

[[package]]
name = "control-any-sim"
version = "1.2.6"
source = { virtual = "." }

[package.dev-dependencies]
dev = [
    { name = "pylint", version = "2.13.9", source = { registry = "https://pypi.org/simple" }, marker = "python_full_version < '3.7.2'" },
    { name = "pylint", version = "2.17.7", source = { registry = "https://pypi.org/simple" }, marker = "python_full_version >= '3.7.2'" },
    { name = "pylsp-mypy" },
    { name = "python-lsp-server", extra = ["rope"] },
    { name = "ruff" },
    { name = "uncompyle6" },
]

[package.metadata]

[package.metadata.requires-dev]
dev = [
    { name = "pylint", specifier = ">=2.6.0" },
    { name = "pylsp-mypy", specifier = ">=0.6.7" },
    { name = "python-lsp-server", extras = ["rope"], specifier = ">=1.7.4" },
    { name = "ruff", specifier = ">=0.11.0" },
    { name = "uncompyle6", specifier = ">=3.9.2" },
]

[[package]]
name = "dill"
version = "0.3.7"
source = { registry = "https://pypi.org/simple" }
sdist = { url = "https://files.pythonhosted.org/packages/c4/31/54dd222e02311c2dbc9e680d37cbd50f4494ce1ee9b04c69980e4ec26f38/dill-0.3.7.tar.gz", hash = "sha256:cc1c8b182eb3013e24bd475ff2e9295af86c1a38eb1aff128dac8962a9ce3c03", size = 183355 }
wheels = [
    { url = "https://files.pythonhosted.org/packages/f5/3a/74a29b11cf2cdfcd6ba89c0cecd70b37cd1ba7b77978ce611eb7a146a832/dill-0.3.7-py3-none-any.whl", hash = "sha256:76b122c08ef4ce2eedcd4d1abd8e641114bfc6c2867f49f3c41facf65bf19f5e", size = 115254 },
]

[[package]]
name = "docstring-to-markdown"
version = "0.16"
source = { registry = "https://pypi.org/simple" }
dependencies = [
    { name = "importlib-metadata" },
    { name = "typing-extensions" },
]
sdist = { url = "https://files.pythonhosted.org/packages/58/1f/16e6d4026e94224d662dcd344dcd3563bc8a74a272f2c27b325793cad5fc/docstring_to_markdown-0.16.tar.gz", hash = "sha256:097bf502fdf040b0d019688a7cc1abb89b98196801448721740e8aa3e5075627", size = 31157 }
wheels = [
    { url = "https://files.pythonhosted.org/packages/47/a6/bf7cda3cc85ad1f8cfbf1ede45ade2c5c25f0a315f8a11e4a7943de66af7/docstring_to_markdown-0.16-py3-none-any.whl", hash = "sha256:f92cc42357b2c932f70ca2ebc79f7805039a34011ad381c1b6ac3481e81596ce", size = 23187 },
]

[[package]]
name = "importlib-metadata"
version = "6.7.0"
source = { registry = "https://pypi.org/simple" }
dependencies = [
    { name = "typing-extensions" },
    { name = "zipp" },
]
sdist = { url = "https://files.pythonhosted.org/packages/a3/82/f6e29c8d5c098b6be61460371c2c5591f4a335923639edec43b3830650a4/importlib_metadata-6.7.0.tar.gz", hash = "sha256:1aaf550d4f73e5d6783e7acb77aec43d49da8017410afae93822cc9cca98c4d4", size = 53569 }
wheels = [
    { url = "https://files.pythonhosted.org/packages/ff/94/64287b38c7de4c90683630338cf28f129decbba0a44f0c6db35a873c73c4/importlib_metadata-6.7.0-py3-none-any.whl", hash = "sha256:cb52082e659e97afc5dac71e79de97d8681de3aa07ff18578330904a9d18e5b5", size = 22934 },
]

[[package]]
name = "isort"
version = "5.11.5"
source = { registry = "https://pypi.org/simple" }
sdist = { url = "https://files.pythonhosted.org/packages/67/63/18cc5c2f9084d3f91ce704f2b5c8e17bedd777244e7732c21a31992b0a78/isort-5.11.5.tar.gz", hash = "sha256:6be1f76a507cb2ecf16c7cf14a37e41609ca082330be4e3436a18ef74add55db", size = 187953 }
wheels = [
    { url = "https://files.pythonhosted.org/packages/5f/f6/c55db45970fbd14de6ab72082f1b8a143c3a69aa031c1e0dd4b9ecc8d496/isort-5.11.5-py3-none-any.whl", hash = "sha256:ba1d72fb2595a01c7895a5128f9585a5cc4b6d395f1c8d514989b9a7eb2a8746", size = 104094 },
]

[[package]]
name = "jedi"
version = "0.18.2"
source = { registry = "https://pypi.org/simple" }
dependencies = [
    { name = "parso" },
]
sdist = { url = "https://files.pythonhosted.org/packages/15/02/afd43c5066de05f6b3188f3aa74136a3289e6c30e7a45f351546cab0928c/jedi-0.18.2.tar.gz", hash = "sha256:bae794c30d07f6d910d32a7048af09b5a39ed740918da923c6b780790ebac612", size = 1225011 }
wheels = [
    { url = "https://files.pythonhosted.org/packages/6d/60/4acda63286ef6023515eb914543ba36496b8929cb7af49ecce63afde09c6/jedi-0.18.2-py2.py3-none-any.whl", hash = "sha256:203c1fd9d969ab8f2119ec0a3342e0b49910045abe6af0a3ae83a5764d54639e", size = 1568138 },
]

[[package]]
name = "lazy-object-proxy"
version = "1.9.0"
source = { registry = "https://pypi.org/simple" }
sdist = { url = "https://files.pythonhosted.org/packages/20/c0/8bab72a73607d186edad50d0168ca85bd2743cfc55560c9d721a94654b20/lazy-object-proxy-1.9.0.tar.gz", hash = "sha256:659fb5809fa4629b8a1ac5106f669cfc7bef26fbb389dda53b3e010d1ac4ebae", size = 42830 }
wheels = [
    { url = "https://files.pythonhosted.org/packages/a7/51/6626c133e966698d53d65bcd90e34ad4986c5f0968c2328b3e9de51dbcf1/lazy_object_proxy-1.9.0-cp37-cp37m-macosx_10_9_x86_64.whl", hash = "sha256:d9e25ef10a39e8afe59a5c348a4dbf29b4868ab76269f81ce1674494e2565a6e", size = 22231 },
    { url = "https://files.pythonhosted.org/packages/b1/80/2d9583fa8e5ac47ef183d811d26d833477b7ed02b64c17dd2ede68a3f9cf/lazy_object_proxy-1.9.0-cp37-cp37m-manylinux_2_17_aarch64.manylinux2014_aarch64.whl", hash = "sha256:cbf9b082426036e19c6924a9ce90c740a9861e2bdc27a4834fd0a910742ac1e8", size = 58307 },
    { url = "https://files.pythonhosted.org/packages/11/fe/be1eb76d83f1b5242c492b410ce86c59db629c0b0f0f8e75018dfd955c30/lazy_object_proxy-1.9.0-cp37-cp37m-manylinux_2_5_x86_64.manylinux1_x86_64.manylinux_2_17_x86_64.manylinux2014_x86_64.whl", hash = "sha256:9f5fa4a61ce2438267163891961cfd5e32ec97a2c444e5b842d574251ade27d2", size = 58494 },
    { url = "https://files.pythonhosted.org/packages/db/92/284ab10a6d0f82da36a20d9c1464c30bb318d1a6dd0ae476de9f890e7abd/lazy_object_proxy-1.9.0-cp37-cp37m-musllinux_1_1_aarch64.whl", hash = "sha256:8fa02eaab317b1e9e03f69aab1f91e120e7899b392c4fc19807a8278a07a97e8", size = 62878 },
    { url = "https://files.pythonhosted.org/packages/69/1f/51657d681711476287c9ff643428be0f9663addc1d341d4be1bad89290bd/lazy_object_proxy-1.9.0-cp37-cp37m-musllinux_1_1_x86_64.whl", hash = "sha256:e7c21c95cae3c05c14aafffe2865bbd5e377cfc1348c4f7751d9dc9a48ca4bda", size = 63119 },
    { url = "https://files.pythonhosted.org/packages/11/04/fa820296cb937b378d801cdc81c19de06624cfed481c1b8a6b439255a188/lazy_object_proxy-1.9.0-cp37-cp37m-win32.whl", hash = "sha256:f12ad7126ae0c98d601a7ee504c1122bcef553d1d5e0c3bfa77b16b3968d2734", size = 20705 },
    { url = "https://files.pythonhosted.org/packages/f5/4f/9ad496dc26a10ed9ab8f088732f08dc1f88488897d6c9ac5e3432a254c30/lazy_object_proxy-1.9.0-cp37-cp37m-win_amd64.whl", hash = "sha256:edd20c5a55acb67c7ed471fa2b5fb66cb17f61430b7a6b9c3b4a1e40293b1671", size = 22381 },
]

[[package]]
name = "mccabe"
version = "0.7.0"
source = { registry = "https://pypi.org/simple" }
sdist = { url = "https://files.pythonhosted.org/packages/e7/ff/0ffefdcac38932a54d2b5eed4e0ba8a408f215002cd178ad1df0f2806ff8/mccabe-0.7.0.tar.gz", hash = "sha256:348e0240c33b60bbdf4e523192ef919f28cb2c3d7d5c7794f74009290f236325", size = 9658 }
wheels = [
    { url = "https://files.pythonhosted.org/packages/27/1a/1f68f9ba0c207934b35b86a8ca3aad8395a3d6dd7921c0686e23853ff5a9/mccabe-0.7.0-py2.py3-none-any.whl", hash = "sha256:6c2d30ab6be0e4a46919781807b4f0d834ebdd6c6e3dca0bda5a15f863427b6e", size = 7350 },
]

[[package]]
name = "mypy"
version = "1.4.1"
source = { registry = "https://pypi.org/simple" }
dependencies = [
    { name = "mypy-extensions" },
    { name = "tomli" },
    { name = "typed-ast" },
    { name = "typing-extensions" },
]
sdist = { url = "https://files.pythonhosted.org/packages/b3/28/d8a8233ff167d06108e53b7aefb4a8d7350adbbf9d7abd980f17fdb7a3a6/mypy-1.4.1.tar.gz", hash = "sha256:9bbcd9ab8ea1f2e1c8031c21445b511442cc45c89951e49bbf852cbb70755b1b", size = 2855162 }
wheels = [
    { url = "https://files.pythonhosted.org/packages/95/47/fb69dad9634af9f1dab69f8b4031d674592384b59c7171852b1fbed6de15/mypy-1.4.1-cp37-cp37m-macosx_10_9_x86_64.whl", hash = "sha256:470c969bb3f9a9efcedbadcd19a74ffb34a25f8e6b0e02dae7c0e71f8372f97b", size = 10101278 },
    { url = "https://files.pythonhosted.org/packages/65/f7/77339904a3415cadca5551f2ea0c74feefc9b7187636a292690788f4d4b3/mypy-1.4.1-cp37-cp37m-manylinux_2_17_x86_64.manylinux2014_x86_64.whl", hash = "sha256:e5952d2d18b79f7dc25e62e014fe5a23eb1a3d2bc66318df8988a01b1a037c5b", size = 11643877 },
    { url = "https://files.pythonhosted.org/packages/f5/93/ae39163ae84266d24d1fcf8ee1e2db1e0346e09de97570dd101a07ccf876/mypy-1.4.1-cp37-cp37m-musllinux_1_1_x86_64.whl", hash = "sha256:190b6bab0302cec4e9e6767d3eb66085aef2a1cc98fe04936d8a42ed2ba77bb7", size = 11702718 },
    { url = "https://files.pythonhosted.org/packages/13/3b/3b7de921626547b36c34b91c74cfbda260210df7c49bd3d315015cfd6005/mypy-1.4.1-cp37-cp37m-win_amd64.whl", hash = "sha256:9d40652cc4fe33871ad3338581dca3297ff5f2213d0df345bcfbde5162abf0c9", size = 8551181 },
    { url = "https://files.pythonhosted.org/packages/3d/9a/e13addb8d652cb068f835ac2746d9d42f85b730092f581bb17e2059c28f1/mypy-1.4.1-py3-none-any.whl", hash = "sha256:45d32cec14e7b97af848bddd97d85ea4f0db4d5a149ed9676caa4eb2f7402bb4", size = 2451741 },
]

[[package]]
name = "mypy-extensions"
version = "1.0.0"
source = { registry = "https://pypi.org/simple" }
sdist = { url = "https://files.pythonhosted.org/packages/98/a4/1ab47638b92648243faf97a5aeb6ea83059cc3624972ab6b8d2316078d3f/mypy_extensions-1.0.0.tar.gz", hash = "sha256:75dbf8955dc00442a438fc4d0666508a9a97b6bd41aa2f0ffe9d2f2725af0782", size = 4433 }
wheels = [
    { url = "https://files.pythonhosted.org/packages/2a/e2/5d3f6ada4297caebe1a2add3b126fe800c96f56dbe5d1988a2cbe0b267aa/mypy_extensions-1.0.0-py3-none-any.whl", hash = "sha256:4392f6c0eb8a5668a69e23d168ffa70f0be9ccfd32b5cc2d26a34ae5b844552d", size = 4695 },
]

[[package]]
name = "packaging"
version = "24.0"
source = { registry = "https://pypi.org/simple" }
sdist = { url = "https://files.pythonhosted.org/packages/ee/b5/b43a27ac7472e1818c4bafd44430e69605baefe1f34440593e0332ec8b4d/packaging-24.0.tar.gz", hash = "sha256:eb82c5e3e56209074766e6885bb04b8c38a0c015d0a30036ebe7ece34c9989e9", size = 147882 }
wheels = [
    { url = "https://files.pythonhosted.org/packages/49/df/1fceb2f8900f8639e278b056416d49134fb8d84c5942ffaa01ad34782422/packaging-24.0-py3-none-any.whl", hash = "sha256:2ddfb553fdf02fb784c234c7ba6ccc288296ceabec964ad2eae3777778130bc5", size = 53488 },
]

[[package]]
name = "parso"
version = "0.8.4"
source = { registry = "https://pypi.org/simple" }
sdist = { url = "https://files.pythonhosted.org/packages/66/94/68e2e17afaa9169cf6412ab0f28623903be73d1b32e208d9e8e541bb086d/parso-0.8.4.tar.gz", hash = "sha256:eb3a7b58240fb99099a345571deecc0f9540ea5f4dd2fe14c2a99d6b281ab92d", size = 400609 }
wheels = [
    { url = "https://files.pythonhosted.org/packages/c6/ac/dac4a63f978e4dcb3c6d3a78c4d8e0192a113d288502a1216950c41b1027/parso-0.8.4-py2.py3-none-any.whl", hash = "sha256:a418670a20291dacd2dddc80c377c5c3791378ee1e8d12bffc35420643d43f18", size = 103650 },
]

[[package]]
name = "platformdirs"
version = "4.0.0"
source = { registry = "https://pypi.org/simple" }
dependencies = [
    { name = "typing-extensions" },
]
sdist = { url = "https://files.pythonhosted.org/packages/31/28/e40d24d2e2eb23135f8533ad33d582359c7825623b1e022f9d460def7c05/platformdirs-4.0.0.tar.gz", hash = "sha256:cb633b2bcf10c51af60beb0ab06d2f1d69064b43abf4c185ca6b28865f3f9731", size = 19914 }
wheels = [
    { url = "https://files.pythonhosted.org/packages/31/16/70be3b725073035aa5fc3229321d06e22e73e3e09f6af78dcfdf16c7636c/platformdirs-4.0.0-py3-none-any.whl", hash = "sha256:118c954d7e949b35437270383a3f2531e99dd93cf7ce4dc8340d3356d30f173b", size = 17562 },
]

[[package]]
name = "pluggy"
version = "1.2.0"
source = { registry = "https://pypi.org/simple" }
dependencies = [
    { name = "importlib-metadata" },
]
sdist = { url = "https://files.pythonhosted.org/packages/8a/42/8f2833655a29c4e9cb52ee8a2be04ceac61bcff4a680fb338cbd3d1e322d/pluggy-1.2.0.tar.gz", hash = "sha256:d12f0c4b579b15f5e054301bb226ee85eeeba08ffec228092f8defbaa3a4c4b3", size = 61613 }
wheels = [
    { url = "https://files.pythonhosted.org/packages/51/32/4a79112b8b87b21450b066e102d6608907f4c885ed7b04c3fdb085d4d6ae/pluggy-1.2.0-py3-none-any.whl", hash = "sha256:c2fd55a7d7a3863cba1a013e4e2414658b1d07b6bc57b3919e0c63c9abb99849", size = 17695 },
]

[[package]]
name = "pylint"
version = "2.13.9"
source = { registry = "https://pypi.org/simple" }
resolution-markers = [
    "python_full_version < '3.7.2'",
]
dependencies = [
    { name = "astroid", version = "2.11.7", source = { registry = "https://pypi.org/simple" }, marker = "python_full_version < '3.7.2'" },
    { name = "colorama", marker = "python_full_version < '3.7.2' and sys_platform == 'win32'" },
    { name = "dill", marker = "python_full_version < '3.7.2'" },
    { name = "isort", marker = "python_full_version < '3.7.2'" },
    { name = "mccabe", marker = "python_full_version < '3.7.2'" },
    { name = "platformdirs", marker = "python_full_version < '3.7.2'" },
    { name = "tomli", marker = "python_full_version < '3.7.2'" },
    { name = "typing-extensions", marker = "python_full_version < '3.7.2'" },
]
sdist = { url = "https://files.pythonhosted.org/packages/a6/7c/ad5925aa1163b647ad10e81044288c93ef4317c96cd0a3d2b0f0b8059bd7/pylint-2.13.9.tar.gz", hash = "sha256:095567c96e19e6f57b5b907e67d265ff535e588fe26b12b5ebe1fc5645b2c731", size = 360270 }
wheels = [
    { url = "https://files.pythonhosted.org/packages/03/09/7b710f4aab53e3ccc0d9596557bf020c5ad06312e54ec1b60402ec9d694f/pylint-2.13.9-py3-none-any.whl", hash = "sha256:705c620d388035bdd9ff8b44c5bcdd235bfb49d276d488dd2c8ff1736aa42526", size = 438476 },
]

[[package]]
name = "pylint"
version = "2.17.7"
source = { registry = "https://pypi.org/simple" }
resolution-markers = [
    "python_full_version >= '3.7.2'",
]
dependencies = [
    { name = "astroid", version = "2.15.8", source = { registry = "https://pypi.org/simple" }, marker = "python_full_version >= '3.7.2'" },
    { name = "colorama", marker = "python_full_version >= '3.7.2' and sys_platform == 'win32'" },
    { name = "dill", marker = "python_full_version >= '3.7.2'" },
    { name = "isort", marker = "python_full_version >= '3.7.2'" },
    { name = "mccabe", marker = "python_full_version >= '3.7.2'" },
    { name = "platformdirs", marker = "python_full_version >= '3.7.2'" },
    { name = "tomli", marker = "python_full_version >= '3.7.2'" },
    { name = "tomlkit", marker = "python_full_version >= '3.7.2'" },
    { name = "typing-extensions", marker = "python_full_version >= '3.7.2'" },
]
sdist = { url = "https://files.pythonhosted.org/packages/a3/e9/21f9ce3e4b81eef011be070a29f8a5c193e2488ed8713a898baa4e8b3362/pylint-2.17.7.tar.gz", hash = "sha256:f4fcac7ae74cfe36bc8451e931d8438e4a476c20314b1101c458ad0f05191fad", size = 434994 }
wheels = [
    { url = "https://files.pythonhosted.org/packages/b4/49/cea450a83079445a84f16050e571a7c383d3f474b13c5caedfebd4e35def/pylint-2.17.7-py3-none-any.whl", hash = "sha256:27a8d4c7ddc8c2f8c18aa0050148f89ffc09838142193fdbe98f172781a3ff87", size = 537178 },
]

[[package]]
name = "pylsp-mypy"
version = "0.6.7"
source = { registry = "https://pypi.org/simple" }
dependencies = [
    { name = "mypy" },
    { name = "python-lsp-server" },
    { name = "tomli" },
]
sdist = { url = "https://files.pythonhosted.org/packages/5f/56/5dd31793481169f71f3849d9b455c253511c1298db7ec73f484b923bac22/pylsp-mypy-0.6.7.tar.gz", hash = "sha256:06ba6d09bdd6ec29025ccc952dd66a849361a224a9f04cebd69b9f45f7d4a064", size = 14193 }
wheels = [
    { url = "https://files.pythonhosted.org/packages/ce/a4/23471fa45932ed08ce013738375822de15b8a37b16b198204b7ca0708a5f/pylsp_mypy-0.6.7-py3-none-any.whl", hash = "sha256:7c50dc8bbfc45aee1efb9e7555d3bee7188c81a74098efd2e0e51ef574c8d277", size = 10004 },
]

[[package]]
name = "python-lsp-jsonrpc"
version = "1.0.0"
source = { registry = "https://pypi.org/simple" }
dependencies = [
    { name = "ujson" },
]
sdist = { url = "https://files.pythonhosted.org/packages/99/45/1c2a272950679af529f7360af6ee567ef266f282e451be926329e8d50d84/python-lsp-jsonrpc-1.0.0.tar.gz", hash = "sha256:7bec170733db628d3506ea3a5288ff76aa33c70215ed223abdb0d95e957660bd", size = 10011 }
wheels = [
    { url = "https://files.pythonhosted.org/packages/06/ee/754bfd5f6bfe7162c10d3ecb0aeef6f882f91d3231596c83f761a75efd0b/python_lsp_jsonrpc-1.0.0-py3-none-any.whl", hash = "sha256:079b143be64b0a378bdb21dff5e28a8c1393fe7e8a654ef068322d754e545fc7", size = 8507 },
]

[[package]]
name = "python-lsp-server"
version = "1.7.4"
source = { registry = "https://pypi.org/simple" }
dependencies = [
    { name = "docstring-to-markdown" },
    { name = "jedi" },
    { name = "pluggy" },
    { name = "python-lsp-jsonrpc" },
    { name = "setuptools" },
    { name = "ujson" },
]
sdist = { url = "https://files.pythonhosted.org/packages/7e/56/b7c8569ab17ed75a858487d26fa5e8f489e72e8d5842107329490c6a6323/python-lsp-server-1.7.4.tar.gz", hash = "sha256:c84254485a4d9431b24ecefd59741d21c00165611bcf6037bd7d54d0ed06a197", size = 97864 }
wheels = [
    { url = "https://files.pythonhosted.org/packages/08/31/f48c3acb229340a44eb137b4b336d8f912e178725ffdea84c212c3ec8a5d/python_lsp_server-1.7.4-py3-none-any.whl", hash = "sha256:f8053f7aefcb60af4e91f3fab1a093b15ba0c4688ba67e6ab69e7b73e997b2cb", size = 69358 },
]

[package.optional-dependencies]
rope = [
    { name = "rope" },
]

[[package]]
name = "pytoolconfig"
version = "1.3.0"
source = { registry = "https://pypi.org/simple" }
dependencies = [
    { name = "packaging" },
    { name = "tomli" },
    { name = "typing-extensions" },
]
sdist = { url = "https://files.pythonhosted.org/packages/b6/89/8fe478af2162f042f8f4316ac7804cbcb55987e83eb71065c7790079cb81/pytoolconfig-1.3.0.tar.gz", hash = "sha256:9201586c8f5c00fa2bb37d644f908f5fb9eadabc6be570ccf27f4e19a201a071", size = 16686 }
wheels = [
    { url = "https://files.pythonhosted.org/packages/9b/b7/a5fe6f61a4717c8111e167051e575f3438adf7e6cb2dd8254834f80fa00e/pytoolconfig-1.3.0-py3-none-any.whl", hash = "sha256:3e9612367f081634b30087c1594125523798fa263514982795493d6897be996c", size = 17084 },
]

[package.optional-dependencies]
global = [
    { name = "platformdirs" },
]

[[package]]
name = "rope"
version = "1.9.0"
source = { registry = "https://pypi.org/simple" }
dependencies = [
    { name = "pytoolconfig", extra = ["global"] },
]
sdist = { url = "https://files.pythonhosted.org/packages/3d/1f/d61b1e57a148cbc7c0d01437df44d276bed97bf043efb81abbeba1ba0a8c/rope-1.9.0.tar.gz", hash = "sha256:f48d708132c0e062b411308732ca13933b976486b4b53d1e804f94ed08d69503", size = 298227 }
wheels = [
    { url = "https://files.pythonhosted.org/packages/cf/6e/eb3556ee1420158c8d72f12a2672e1a60d7bb6db1348a10b456965b732e6/rope-1.9.0-py3-none-any.whl", hash = "sha256:2ed32d72cd2c4395bb1d569e38fd4f15d6080cfadd61b6e5c565fd39e3f677aa", size = 203959 },
]

[[package]]
name = "ruff"
version = "0.11.2"
source = { registry = "https://pypi.org/simple" }
sdist = { url = "https://files.pythonhosted.org/packages/90/61/fb87430f040e4e577e784e325351186976516faef17d6fcd921fe28edfd7/ruff-0.11.2.tar.gz", hash = "sha256:ec47591497d5a1050175bdf4e1a4e6272cddff7da88a2ad595e1e326041d8d94", size = 3857511 }
wheels = [
    { url = "https://files.pythonhosted.org/packages/62/99/102578506f0f5fa29fd7e0df0a273864f79af044757aef73d1cae0afe6ad/ruff-0.11.2-py3-none-linux_armv6l.whl", hash = "sha256:c69e20ea49e973f3afec2c06376eb56045709f0212615c1adb0eda35e8a4e477", size = 10113146 },
    { url = "https://files.pythonhosted.org/packages/74/ad/5cd4ba58ab602a579997a8494b96f10f316e874d7c435bcc1a92e6da1b12/ruff-0.11.2-py3-none-macosx_10_12_x86_64.whl", hash = "sha256:2c5424cc1c4eb1d8ecabe6d4f1b70470b4f24a0c0171356290b1953ad8f0e272", size = 10867092 },
    { url = "https://files.pythonhosted.org/packages/fc/3e/d3f13619e1d152c7b600a38c1a035e833e794c6625c9a6cea6f63dbf3af4/ruff-0.11.2-py3-none-macosx_11_0_arm64.whl", hash = "sha256:ecf20854cc73f42171eedb66f006a43d0a21bfb98a2523a809931cda569552d9", size = 10224082 },
    { url = "https://files.pythonhosted.org/packages/90/06/f77b3d790d24a93f38e3806216f263974909888fd1e826717c3ec956bbcd/ruff-0.11.2-py3-none-manylinux_2_17_aarch64.manylinux2014_aarch64.whl", hash = "sha256:0c543bf65d5d27240321604cee0633a70c6c25c9a2f2492efa9f6d4b8e4199bb", size = 10394818 },
    { url = "https://files.pythonhosted.org/packages/99/7f/78aa431d3ddebfc2418cd95b786642557ba8b3cb578c075239da9ce97ff9/ruff-0.11.2-py3-none-manylinux_2_17_armv7l.manylinux2014_armv7l.whl", hash = "sha256:20967168cc21195db5830b9224be0e964cc9c8ecf3b5a9e3ce19876e8d3a96e3", size = 9952251 },
    { url = "https://files.pythonhosted.org/packages/30/3e/f11186d1ddfaca438c3bbff73c6a2fdb5b60e6450cc466129c694b0ab7a2/ruff-0.11.2-py3-none-manylinux_2_17_i686.manylinux2014_i686.whl", hash = "sha256:955a9ce63483999d9f0b8f0b4a3ad669e53484232853054cc8b9d51ab4c5de74", size = 11563566 },
    { url = "https://files.pythonhosted.org/packages/22/6c/6ca91befbc0a6539ee133d9a9ce60b1a354db12c3c5d11cfdbf77140f851/ruff-0.11.2-py3-none-manylinux_2_17_ppc64.manylinux2014_ppc64.whl", hash = "sha256:86b3a27c38b8fce73bcd262b0de32e9a6801b76d52cdb3ae4c914515f0cef608", size = 12208721 },
    { url = "https://files.pythonhosted.org/packages/19/b0/24516a3b850d55b17c03fc399b681c6a549d06ce665915721dc5d6458a5c/ruff-0.11.2-py3-none-manylinux_2_17_ppc64le.manylinux2014_ppc64le.whl", hash = "sha256:a3b66a03b248c9fcd9d64d445bafdf1589326bee6fc5c8e92d7562e58883e30f", size = 11662274 },
    { url = "https://files.pythonhosted.org/packages/d7/65/76be06d28ecb7c6070280cef2bcb20c98fbf99ff60b1c57d2fb9b8771348/ruff-0.11.2-py3-none-manylinux_2_17_s390x.manylinux2014_s390x.whl", hash = "sha256:0397c2672db015be5aa3d4dac54c69aa012429097ff219392c018e21f5085147", size = 13792284 },
    { url = "https://files.pythonhosted.org/packages/ce/d2/4ceed7147e05852876f3b5f3fdc23f878ce2b7e0b90dd6e698bda3d20787/ruff-0.11.2-py3-none-manylinux_2_17_x86_64.manylinux2014_x86_64.whl", hash = "sha256:869bcf3f9abf6457fbe39b5a37333aa4eecc52a3b99c98827ccc371a8e5b6f1b", size = 11327861 },
    { url = "https://files.pythonhosted.org/packages/c4/78/4935ecba13706fd60ebe0e3dc50371f2bdc3d9bc80e68adc32ff93914534/ruff-0.11.2-py3-none-musllinux_1_2_aarch64.whl", hash = "sha256:2a2b50ca35457ba785cd8c93ebbe529467594087b527a08d487cf0ee7b3087e9", size = 10276560 },
    { url = "https://files.pythonhosted.org/packages/81/7f/1b2435c3f5245d410bb5dc80f13ec796454c21fbda12b77d7588d5cf4e29/ruff-0.11.2-py3-none-musllinux_1_2_armv7l.whl", hash = "sha256:7c69c74bf53ddcfbc22e6eb2f31211df7f65054bfc1f72288fc71e5f82db3eab", size = 9945091 },
    { url = "https://files.pythonhosted.org/packages/39/c4/692284c07e6bf2b31d82bb8c32f8840f9d0627d92983edaac991a2b66c0a/ruff-0.11.2-py3-none-musllinux_1_2_i686.whl", hash = "sha256:6e8fb75e14560f7cf53b15bbc55baf5ecbe373dd5f3aab96ff7aa7777edd7630", size = 10977133 },
    { url = "https://files.pythonhosted.org/packages/94/cf/8ab81cb7dd7a3b0a3960c2769825038f3adcd75faf46dd6376086df8b128/ruff-0.11.2-py3-none-musllinux_1_2_x86_64.whl", hash = "sha256:842a472d7b4d6f5924e9297aa38149e5dcb1e628773b70e6387ae2c97a63c58f", size = 11378514 },
    { url = "https://files.pythonhosted.org/packages/d9/3a/a647fa4f316482dacf2fd68e8a386327a33d6eabd8eb2f9a0c3d291ec549/ruff-0.11.2-py3-none-win32.whl", hash = "sha256:aca01ccd0eb5eb7156b324cfaa088586f06a86d9e5314b0eb330cb48415097cc", size = 10319835 },
    { url = "https://files.pythonhosted.org/packages/86/54/3c12d3af58012a5e2cd7ebdbe9983f4834af3f8cbea0e8a8c74fa1e23b2b/ruff-0.11.2-py3-none-win_amd64.whl", hash = "sha256:3170150172a8f994136c0c66f494edf199a0bbea7a409f649e4bc8f4d7084080", size = 11373713 },
    { url = "https://files.pythonhosted.org/packages/d6/d4/dd813703af8a1e2ac33bf3feb27e8a5ad514c9f219df80c64d69807e7f71/ruff-0.11.2-py3-none-win_arm64.whl", hash = "sha256:52933095158ff328f4c77af3d74f0379e34fd52f175144cefc1b192e7ccd32b4", size = 10441990 },
]

[[package]]
name = "setuptools"
version = "68.0.0"
source = { registry = "https://pypi.org/simple" }
sdist = { url = "https://files.pythonhosted.org/packages/dc/98/5f896af066c128669229ff1aa81553ac14cfb3e5e74b6b44594132b8540e/setuptools-68.0.0.tar.gz", hash = "sha256:baf1fdb41c6da4cd2eae722e135500da913332ab3f2f5c7d33af9b492acb5235", size = 2194111 }
wheels = [
    { url = "https://files.pythonhosted.org/packages/c7/42/be1c7bbdd83e1bfb160c94b9cafd8e25efc7400346cf7ccdbdb452c467fa/setuptools-68.0.0-py3-none-any.whl", hash = "sha256:11e52c67415a381d10d6b462ced9cfb97066179f0e871399e006c4ab101fc85f", size = 804037 },
]

[[package]]
name = "six"
version = "1.17.0"
source = { registry = "https://pypi.org/simple" }
sdist = { url = "https://files.pythonhosted.org/packages/94/e7/b2c673351809dca68a0e064b6af791aa332cf192da575fd474ed7d6f16a2/six-1.17.0.tar.gz", hash = "sha256:ff70335d468e7eb6ec65b95b99d3a2836546063f63acc5171de367e834932a81", size = 34031 }
wheels = [
    { url = "https://files.pythonhosted.org/packages/b7/ce/149a00dd41f10bc29e5921b496af8b574d8413afcd5e30dfa0ed46c2cc5e/six-1.17.0-py2.py3-none-any.whl", hash = "sha256:4721f391ed90541fddacab5acf947aa0d3dc7d27b2e1e8eda2be8970586c3274", size = 11050 },
]

[[package]]
name = "spark-parser"
version = "1.8.9"
source = { registry = "https://pypi.org/simple" }
dependencies = [
    { name = "click" },
]
sdist = { url = "https://files.pythonhosted.org/packages/d4/ec/eb81227524ce6991cb2ea0e5570804b569c118e6ceb58d205059b6777fda/spark_parser-1.8.9.tar.gz", hash = "sha256:a7bb97b97953fb8bf0cd8158d820b6467ef1e7f747738e82248ae4c824f1e25a", size = 118345 }
wheels = [
    { url = "https://files.pythonhosted.org/packages/e1/c3/745adc57618998882a6e120cedebfba6ebf76aa9052c8b89e49c0fe47c2e/spark_parser-1.8.9-py3-none-any.whl", hash = "sha256:e4d366116268010100f054ebda99b3b880c64e4b0aa3d58629ec79e6d033b077", size = 17985 },
]

[[package]]
name = "tomli"
version = "2.0.1"
source = { registry = "https://pypi.org/simple" }
sdist = { url = "https://files.pythonhosted.org/packages/c0/3f/d7af728f075fb08564c5949a9c95e44352e23dee646869fa104a3b2060a3/tomli-2.0.1.tar.gz", hash = "sha256:de526c12914f0c550d15924c62d72abc48d6fe7364aa87328337a31007fe8a4f", size = 15164 }
wheels = [
    { url = "https://files.pythonhosted.org/packages/97/75/10a9ebee3fd790d20926a90a2547f0bf78f371b2f13aa822c759680ca7b9/tomli-2.0.1-py3-none-any.whl", hash = "sha256:939de3e7a6161af0c887ef91b7d41a53e7c5a1ca976325f429cb46ea9bc30ecc", size = 12757 },
]

[[package]]
name = "tomlkit"
version = "0.12.5"
source = { registry = "https://pypi.org/simple" }
sdist = { url = "https://files.pythonhosted.org/packages/2b/ab/18f4c8f2bec75eb1a7aebcc52cdb02ab04fd39ff7025bb1b1c7846cc45b8/tomlkit-0.12.5.tar.gz", hash = "sha256:eef34fba39834d4d6b73c9ba7f3e4d1c417a4e56f89a7e96e090dd0d24b8fb3c", size = 191420 }
wheels = [
    { url = "https://files.pythonhosted.org/packages/73/6d/b5406752c4e4ba86692b22fab0afed8b48f16bdde8f92e1d852976b61dc6/tomlkit-0.12.5-py3-none-any.whl", hash = "sha256:af914f5a9c59ed9d0762c7b64d3b5d5df007448eb9cd2edc8a46b1eafead172f", size = 37685 },
]

[[package]]
name = "typed-ast"
version = "1.5.5"
source = { registry = "https://pypi.org/simple" }
sdist = { url = "https://files.pythonhosted.org/packages/f9/7e/a424029f350aa8078b75fd0d360a787a273ca753a678d1104c5fa4f3072a/typed_ast-1.5.5.tar.gz", hash = "sha256:94282f7a354f36ef5dbce0ef3467ebf6a258e370ab33d5b40c249fa996e590dd", size = 252841 }
wheels = [
    { url = "https://files.pythonhosted.org/packages/d5/00/635353c31b71ed307ab020eff6baed9987da59a1b2ba489f885ecbe293b8/typed_ast-1.5.5-cp37-cp37m-macosx_10_9_x86_64.whl", hash = "sha256:2188bc33d85951ea4ddad55d2b35598b2709d122c11c75cffd529fbc9965508e", size = 222315 },
    { url = "https://files.pythonhosted.org/packages/01/95/11be104446bb20212a741d30d40eab52a9cfc05ea34efa074ff4f7c16983/typed_ast-1.5.5-cp37-cp37m-manylinux_2_17_aarch64.manylinux2014_aarch64.whl", hash = "sha256:0635900d16ae133cab3b26c607586131269f88266954eb04ec31535c9a12ef1e", size = 793541 },
    { url = "https://files.pythonhosted.org/packages/32/f1/75bd58fb1410cb72fbc6e8adf163015720db2c38844b46a9149c5ff6bf38/typed_ast-1.5.5-cp37-cp37m-manylinux_2_17_x86_64.manylinux2014_x86_64.whl", hash = "sha256:57bfc3cf35a0f2fdf0a88a3044aafaec1d2f24d8ae8cd87c4f58d615fb5b6311", size = 778348 },
    { url = "https://files.pythonhosted.org/packages/47/97/0bb4dba688a58ff9c08e63b39653e4bcaa340ce1bb9c1d58163e5c2c66f1/typed_ast-1.5.5-cp37-cp37m-musllinux_1_1_aarch64.whl", hash = "sha256:fe58ef6a764de7b4b36edfc8592641f56e69b7163bba9f9c8089838ee596bfb2", size = 809447 },
    { url = "https://files.pythonhosted.org/packages/a8/cd/9a867f5a96d83a9742c43914e10d3a2083d8fe894ab9bf60fd467c6c497f/typed_ast-1.5.5-cp37-cp37m-musllinux_1_1_x86_64.whl", hash = "sha256:d09d930c2d1d621f717bb217bf1fe2584616febb5138d9b3e8cdd26506c3f6d4", size = 796707 },
    { url = "https://files.pythonhosted.org/packages/eb/06/73ca55ee5303b41d08920de775f02d2a3e1e59430371f5adf7fbb1a21127/typed_ast-1.5.5-cp37-cp37m-win_amd64.whl", hash = "sha256:d40c10326893ecab8a80a53039164a224984339b2c32a6baf55ecbd5b1df6431", size = 138403 },
]

[[package]]
name = "typing-extensions"
version = "4.7.1"
source = { registry = "https://pypi.org/simple" }
sdist = { url = "https://files.pythonhosted.org/packages/3c/8b/0111dd7d6c1478bf83baa1cab85c686426c7a6274119aceb2bd9d35395ad/typing_extensions-4.7.1.tar.gz", hash = "sha256:b75ddc264f0ba5615db7ba217daeb99701ad295353c45f9e95963337ceeeffb2", size = 72876 }
wheels = [
    { url = "https://files.pythonhosted.org/packages/ec/6b/63cc3df74987c36fe26157ee12e09e8f9db4de771e0f3404263117e75b95/typing_extensions-4.7.1-py3-none-any.whl", hash = "sha256:440d5dd3af93b060174bf433bccd69b0babc3b15b1a8dca43789fd7f61514b36", size = 33232 },
]

[[package]]
name = "ujson"
version = "5.7.0"
source = { registry = "https://pypi.org/simple" }
sdist = { url = "https://files.pythonhosted.org/packages/43/1a/b0a027144aa5c8f4ea654f4afdd634578b450807bb70b9f8bad00d6f6d3c/ujson-5.7.0.tar.gz", hash = "sha256:e788e5d5dcae8f6118ac9b45d0b891a0d55f7ac480eddcb7f07263f2bcf37b23", size = 7152625 }
wheels = [
    { url = "https://files.pythonhosted.org/packages/37/34/017f0904417617d2af2a30021f0b494535e63cb4a343dc32b05d9f0e96dd/ujson-5.7.0-cp37-cp37m-macosx_10_9_x86_64.whl", hash = "sha256:18679484e3bf9926342b1c43a3bd640f93a9eeeba19ef3d21993af7b0c44785d", size = 57216 },
    { url = "https://files.pythonhosted.org/packages/fa/d6/01756485dd9c42f12f9b74c6b4b3f3008917e091597390a970cc85486631/ujson-5.7.0-cp37-cp37m-manylinux_2_17_aarch64.manylinux2014_aarch64.whl", hash = "sha256:0ee295761e1c6c30400641f0a20d381633d7622633cdf83a194f3c876a0e4b7e", size = 51153 },
    { url = "https://files.pythonhosted.org/packages/d1/7d/ec4dace4c686be92845e3d593f01828465546c5b8254ca296324cbcda8f8/ujson-5.7.0-cp37-cp37m-manylinux_2_17_x86_64.manylinux2014_x86_64.whl", hash = "sha256:b738282e12a05f400b291966630a98d622da0938caa4bc93cf65adb5f4281c60", size = 52635 },
    { url = "https://files.pythonhosted.org/packages/aa/e5/7655459351a1ce26202bbe971a6e6959d366925babe716f3751e1de96920/ujson-5.7.0-cp37-cp37m-manylinux_2_5_i686.manylinux1_i686.manylinux_2_17_i686.manylinux2014_i686.whl", hash = "sha256:00343501dbaa5172e78ef0e37f9ebd08040110e11c12420ff7c1f9f0332d939e", size = 58046 },
    { url = "https://files.pythonhosted.org/packages/2e/4a/e802a5f22e0fffdeaceb3d139c79ab7995f118c2fadb8cdb129a7fd83c8d/ujson-5.7.0-cp37-cp37m-musllinux_1_1_aarch64.whl", hash = "sha256:c0d1f7c3908357ee100aa64c4d1cf91edf99c40ac0069422a4fd5fd23b263263", size = 583861 },
    { url = "https://files.pythonhosted.org/packages/08/47/41f40896aad1a098b4fea2e0bfe66a3fed8305d2457945f7082b7f493307/ujson-5.7.0-cp37-cp37m-musllinux_1_1_i686.whl", hash = "sha256:a5d2f44331cf04689eafac7a6596c71d6657967c07ac700b0ae1c921178645da", size = 656145 },
    { url = "https://files.pythonhosted.org/packages/f8/d1/369fceb26e8eb69f9f8792323d123351c187c7866a0457c3ffe90ee9793c/ujson-5.7.0-cp37-cp37m-musllinux_1_1_x86_64.whl", hash = "sha256:16b2254a77b310f118717715259a196662baa6b1f63b1a642d12ab1ff998c3d7", size = 597158 },
    { url = "https://files.pythonhosted.org/packages/32/ca/e1bf3d4d263e4e30f176c454aa7498be0059bc4eecce92563ed403014273/ujson-5.7.0-cp37-cp37m-win32.whl", hash = "sha256:6faf46fa100b2b89e4db47206cf8a1ffb41542cdd34dde615b2fc2288954f194", size = 37908 },
    { url = "https://files.pythonhosted.org/packages/00/6f/4f16d6a9c30994aabc13b6fbbd0df62077892ad3b4c63d62d8472a1c7d5f/ujson-5.7.0-cp37-cp37m-win_amd64.whl", hash = "sha256:ff0004c3f5a9a6574689a553d1b7819d1a496b4f005a7451f339dc2d9f4cf98c", size = 41281 },
    { url = "https://files.pythonhosted.org/packages/22/27/81b6b0537fbc6ff0baaeb175738ee7464d643ad5ff30105e03a9e744682d/ujson-5.7.0-pp37-pypy37_pp73-macosx_10_9_x86_64.whl", hash = "sha256:e87cec407ec004cf1b04c0ed7219a68c12860123dfb8902ef880d3d87a71c172", size = 50478 },
    { url = "https://files.pythonhosted.org/packages/2c/fe/855ee750936e9d065e6e49f7340571bd2db756fbcaf338c00456d39dd217/ujson-5.7.0-pp37-pypy37_pp73-manylinux_2_17_aarch64.manylinux2014_aarch64.whl", hash = "sha256:bab10165db6a7994e67001733f7f2caf3400b3e11538409d8756bc9b1c64f7e8", size = 46731 },
    { url = "https://files.pythonhosted.org/packages/ef/f5/76dfa7e2e8135213ece8cd18478338bc9a3b4820152ecec5632dce598f66/ujson-5.7.0-pp37-pypy37_pp73-manylinux_2_17_x86_64.manylinux2014_x86_64.whl", hash = "sha256:b522be14a28e6ac1cf818599aeff1004a28b42df4ed4d7bc819887b9dac915fc", size = 48323 },
    { url = "https://files.pythonhosted.org/packages/76/23/86820eb933c7d626380881a2d88bf9e395771ce349e5261df1e6760d209c/ujson-5.7.0-pp37-pypy37_pp73-manylinux_2_5_i686.manylinux1_i686.manylinux_2_17_i686.manylinux2014_i686.whl", hash = "sha256:7592f40175c723c032cdbe9fe5165b3b5903604f774ab0849363386e99e1f253", size = 54363 },
    { url = "https://files.pythonhosted.org/packages/75/4e/5b17c981aee3d98aeac66d4e7a8cab8d8bb49172d9bc73692af14c7a18fb/ujson-5.7.0-pp37-pypy37_pp73-win_amd64.whl", hash = "sha256:ed22f9665327a981f288a4f758a432824dc0314e4195a0eaeb0da56a477da94d", size = 41309 },
]

[[package]]
name = "uncompyle6"
version = "3.9.2"
source = { registry = "https://pypi.org/simple" }
dependencies = [
    { name = "click" },
    { name = "spark-parser" },
    { name = "xdis" },
]
sdist = { url = "https://files.pythonhosted.org/packages/87/e0/5833832d47492e53bdc04de69c924c01a30144ce1277363e318aa0f0ce7d/uncompyle6-3.9.2.tar.gz", hash = "sha256:6f70980ffe08a64b114b6871832fd02d86c99035f8976a8f1f8121dad6fca425", size = 2500020 }
wheels = [
    { url = "https://files.pythonhosted.org/packages/91/a9/5b42f33c1d39dc5e1c9197ec1046cbe6d98efb74947b70be833099a30c62/uncompyle6-3.9.2-py3-none-any.whl", hash = "sha256:cf699888b7198b896fbd33208cc3dbc81cdc59018fede7b90694d6a3cd30fd59", size = 358789 },
]

[[package]]
name = "wrapt"
version = "1.16.0"
source = { registry = "https://pypi.org/simple" }
sdist = { url = "https://files.pythonhosted.org/packages/95/4c/063a912e20bcef7124e0df97282a8af3ff3e4b603ce84c481d6d7346be0a/wrapt-1.16.0.tar.gz", hash = "sha256:5f370f952971e7d17c7d1ead40e49f32345a7f7a5373571ef44d800d06b1899d", size = 53972 }
wheels = [
    { url = "https://files.pythonhosted.org/packages/47/cf/c2861bc5e0d5f4f277e1cefd7b3f8904794cc58469d35eaa82032a84e1c9/wrapt-1.16.0-cp37-cp37m-macosx_10_9_x86_64.whl", hash = "sha256:a0ea261ce52b5952bf669684a251a66df239ec6d441ccb59ec7afa882265d593", size = 37069 },
    { url = "https://files.pythonhosted.org/packages/54/39/04409d9fc89f77bce37b98545b6ee7247ad11df28373206536eea078a390/wrapt-1.16.0-cp37-cp37m-manylinux_2_17_aarch64.manylinux2014_aarch64.whl", hash = "sha256:7bd2d7ff69a2cac767fbf7a2b206add2e9a210e57947dd7ce03e25d03d2de292", size = 77587 },
    { url = "https://files.pythonhosted.org/packages/26/dd/1ea7cb367962a6132ab163e7b2d270049e0f471f0238d0e55cfd27219721/wrapt-1.16.0-cp37-cp37m-manylinux_2_5_i686.manylinux1_i686.manylinux_2_17_i686.manylinux2014_i686.whl", hash = "sha256:9159485323798c8dc530a224bd3ffcf76659319ccc7bbd52e01e73bd0241a0c5", size = 69969 },
    { url = "https://files.pythonhosted.org/packages/7f/46/896369f2550d1ecb5e776f532aada5e77e5e13f821045978cf3d7f3f236b/wrapt-1.16.0-cp37-cp37m-manylinux_2_5_x86_64.manylinux1_x86_64.manylinux_2_17_x86_64.manylinux2014_x86_64.whl", hash = "sha256:a86373cf37cd7764f2201b76496aba58a52e76dedfaa698ef9e9688bfd9e41cf", size = 77483 },
    { url = "https://files.pythonhosted.org/packages/bf/42/1241b88440ccf8adbf78c81c8899001459102031cc52668cc4e749d9987e/wrapt-1.16.0-cp37-cp37m-musllinux_1_1_aarch64.whl", hash = "sha256:73870c364c11f03ed072dda68ff7aea6d2a3a5c3fe250d917a429c7432e15228", size = 82832 },
    { url = "https://files.pythonhosted.org/packages/03/60/67dbc0624f1c86cce6150c0b2e13d906009fd6d33128add60a8a2d23137d/wrapt-1.16.0-cp37-cp37m-musllinux_1_1_i686.whl", hash = "sha256:b935ae30c6e7400022b50f8d359c03ed233d45b725cfdd299462f41ee5ffba6f", size = 75782 },
    { url = "https://files.pythonhosted.org/packages/8e/5f/574076e289c42e7c1c2abe944fd9dafb5adcb20b36577d4966ddef145539/wrapt-1.16.0-cp37-cp37m-musllinux_1_1_x86_64.whl", hash = "sha256:db98ad84a55eb09b3c32a96c576476777e87c520a34e2519d3e59c44710c002c", size = 82949 },
    { url = "https://files.pythonhosted.org/packages/78/98/6307b4da5080432c5a37b69da92ae0582fd284441025014047e98a002ea1/wrapt-1.16.0-cp37-cp37m-win32.whl", hash = "sha256:9153ed35fc5e4fa3b2fe97bddaa7cbec0ed22412b85bcdaf54aeba92ea37428c", size = 35182 },
    { url = "https://files.pythonhosted.org/packages/66/a5/50e6a2bd4cbf6671012771ec35085807a375da5e61540bc5f62de62ba955/wrapt-1.16.0-cp37-cp37m-win_amd64.whl", hash = "sha256:66dfbaa7cfa3eb707bbfcd46dab2bc6207b005cbc9caa2199bcbc81d95071a00", size = 37314 },
    { url = "https://files.pythonhosted.org/packages/ff/21/abdedb4cdf6ff41ebf01a74087740a709e2edb146490e4d9beea054b0b7a/wrapt-1.16.0-py3-none-any.whl", hash = "sha256:6906c4100a8fcbf2fa735f6059214bb13b97f75b1a61777fcf6432121ef12ef1", size = 23362 },
]

[[package]]
name = "xdis"
version = "6.1.3"
source = { registry = "https://pypi.org/simple" }
dependencies = [
    { name = "click" },
    { name = "six" },
]
sdist = { url = "https://files.pythonhosted.org/packages/66/eb/60217c9ef49001a65dd2039b639421a659125a10a6af95548d54b7b7125e/xdis-6.1.3.tar.gz", hash = "sha256:0faa662e7a84da6d8d8fe08b3a294039c2ac655768db9760a866bb4dd36b2ef9", size = 436490 }
wheels = [
    { url = "https://files.pythonhosted.org/packages/79/40/39016116af1ae7b647592c331f62b3da2cf95c8e96ec6bd34f26ecf3b07f/xdis-6.1.3-py36-none-any.whl", hash = "sha256:880d763fd8258332d98e19d665050e280f102246aeffa107424639ddabe18829", size = 223850 },
    { url = "https://files.pythonhosted.org/packages/e7/4c/f087fbef702420bdd4406ab2af727f4106f285e1c1d9feeddef3eaed4747/xdis-6.1.3-py37-none-any.whl", hash = "sha256:3dcfbdca383190082e504af8d41a44a85fa89a5169f3315f0e83cfece036433d", size = 223824 },
]

[[package]]
name = "zipp"
version = "3.15.0"
source = { registry = "https://pypi.org/simple" }
sdist = { url = "https://files.pythonhosted.org/packages/00/27/f0ac6b846684cecce1ee93d32450c45ab607f65c2e0255f0092032d91f07/zipp-3.15.0.tar.gz", hash = "sha256:112929ad649da941c23de50f356a2b5570c954b65150642bccdd66bf194d224b", size = 18454 }
wheels = [
    { url = "https://files.pythonhosted.org/packages/5b/fa/c9e82bbe1af6266adf08afb563905eb87cab83fde00a0a08963510621047/zipp-3.15.0-py3-none-any.whl", hash = "sha256:48904fc76a60e542af151aded95726c1a5c34ed43ab4134b597665c86d7ad556", size = 6758 },
]
